
Microsoft Visual Studio Solution File, Format Version 12.00
# Visual Studio Version 17
VisualStudioVersion = 17.14.36408.4 d17.14
MinimumVisualStudioVersion = 10.0.40219.1
Project("{FAE04EC0-301F-11D3-BF4B-00C04F79EFBC}") = "WpfApp3", "WpfApp3.csproj", "{7A05048E-27B1-423D-B940-8B3B95621883}"
EndProject
Global
	GlobalSection(SolutionConfigurationPlatforms) = preSolution
		Debug|Any CPU = Debug|Any CPU
		Release|Any CPU = Release|Any CPU
	EndGlobalSection
	GlobalSection(ProjectConfigurationPlatforms) = postSolution
		{7A05048E-27B1-423D-B940-8B3B95621883}.Debug|Any CPU.ActiveCfg = Debug|Any CPU
		{7A05048E-27B1-423D-B940-8B3B95621883}.Debug|Any CPU.Build.0 = Debug|Any CPU
		{7A05048E-27B1-423D-B940-8B3B95621883}.Release|Any CPU.ActiveCfg = Release|Any CPU
		{7A05048E-27B1-423D-B940-8B3B95621883}.Release|Any CPU.Build.0 = Release|Any CPU
	EndGlobalSection
	GlobalSection(SolutionProperties) = preSolution
		HideSolutionNode = FALSE
	EndGlobalSection
	GlobalSection(ExtensibilityGlobals) = postSolution
		SolutionGuid = {AE6946B4-9955-4018-856F-A4D0CAC15A56}
	EndGlobalSection
EndGlobal
